// !$*UTF8*$!
{
	archiveVersion = 1;
	classes = {
	};
	objectVersion = 56;
	objects = {

/* Begin PBXBuildFile section */
		0AA89DB59FB9905360D09F74 /* Pods_PaymentCard.framework in Frameworks */ = {isa = PBXBuildFile; fileRef = 644E85D64E933010CE6BCFC1 /* Pods_PaymentCard.framework */; };
		9A2DB8D92A068B5700A8BF30 /* StripeService.swift in Sources */ = {isa = PBXBuildFile; fileRef = 9A2DB8D82A068B5700A8BF30 /* StripeService.swift */; };
		9A2DB8DE2A0792C400A8BF30 /* CheckoutViewController.swift in Sources */ = {isa = PBXBuildFile; fileRef = 9A2DB8DD2A0792C400A8BF30 /* CheckoutViewController.swift */; };
		9A3FCAB82A063ADD00B4EC49 /* AppDelegate.swift in Sources */ = {isa = PBXBuildFile; fileRef = 9A3FCAB72A063ADD00B4EC49 /* AppDelegate.swift */; };
		9A3FCABA2A063ADD00B4EC49 /* SceneDelegate.swift in Sources */ = {isa = PBXBuildFile; fileRef = 9A3FCAB92A063ADD00B4EC49 /* SceneDelegate.swift */; };
		9A3FCABF2A063ADD00B4EC49 /* Main.storyboard in Resources */ = {isa = PBXBuildFile; fileRef = 9A3FCABD2A063ADD00B4EC49 /* Main.storyboard */; };
		9A3FCAC22A063ADD00B4EC49 /* PaymentCard.xcdatamodeld in Sources */ = {isa = PBXBuildFile; fileRef = 9A3FCAC02A063ADD00B4EC49 /* PaymentCard.xcdatamodeld */; };
		9A3FCAC42A063AE200B4EC49 /* Assets.xcassets in Resources */ = {isa = PBXBuildFile; fileRef = 9A3FCAC32A063AE200B4EC49 /* Assets.xcassets */; };
		9A3FCAC72A063AE200B4EC49 /* LaunchScreen.storyboard in Resources */ = {isa = PBXBuildFile; fileRef = 9A3FCAC52A063AE200B4EC49 /* LaunchScreen.storyboard */; };
/* End PBXBuildFile section */

/* Begin PBXFileReference section */
		0C63BB019FB3F0CBFAFA86A1 /* Pods-PaymentCard.release.xcconfig */ = {isa = PBXFileReference; includeInIndex = 1; lastKnownFileType = text.xcconfig; name = "Pods-PaymentCard.release.xcconfig"; path = "Target Support Files/Pods-PaymentCard/Pods-PaymentCard.release.xcconfig"; sourceTree = "<group>"; };
		644E85D64E933010CE6BCFC1 /* Pods_PaymentCard.framework */ = {isa = PBXFileReference; explicitFileType = wrapper.framework; includeInIndex = 0; path = Pods_PaymentCard.framework; sourceTree = BUILT_PRODUCTS_DIR; };
		9A2DB8D82A068B5700A8BF30 /* StripeService.swift */ = {isa = PBXFileReference; lastKnownFileType = sourcecode.swift; path = StripeService.swift; sourceTree = "<group>"; };
		9A2DB8DD2A0792C400A8BF30 /* CheckoutViewController.swift */ = {isa = PBXFileReference; lastKnownFileType = sourcecode.swift; path = CheckoutViewController.swift; sourceTree = "<group>"; };
		9A3FCAB42A063ADD00B4EC49 /* PaymentCard.app */ = {isa = PBXFileReference; explicitFileType = wrapper.application; includeInIndex = 0; path = PaymentCard.app; sourceTree = BUILT_PRODUCTS_DIR; };
		9A3FCAB72A063ADD00B4EC49 /* AppDelegate.swift */ = {isa = PBXFileReference; lastKnownFileType = sourcecode.swift; path = AppDelegate.swift; sourceTree = "<group>"; };
		9A3FCAB92A063ADD00B4EC49 /* SceneDelegate.swift */ = {isa = PBXFileReference; lastKnownFileType = sourcecode.swift; path = SceneDelegate.swift; sourceTree = "<group>"; };
		9A3FCABE2A063ADD00B4EC49 /* Base */ = {isa = PBXFileReference; lastKnownFileType = file.storyboard; name = Base; path = Base.lproj/Main.storyboard; sourceTree = "<group>"; };
		9A3FCAC12A063ADD00B4EC49 /* PaymentCard.xcdatamodel */ = {isa = PBXFileReference; lastKnownFileType = wrapper.xcdatamodel; path = PaymentCard.xcdatamodel; sourceTree = "<group>"; };
		9A3FCAC32A063AE200B4EC49 /* Assets.xcassets */ = {isa = PBXFileReference; lastKnownFileType = folder.assetcatalog; path = Assets.xcassets; sourceTree = "<group>"; };
		9A3FCAC62A063AE200B4EC49 /* Base */ = {isa = PBXFileReference; lastKnownFileType = file.storyboard; name = Base; path = Base.lproj/LaunchScreen.storyboard; sourceTree = "<group>"; };
		9A3FCAC82A063AE200B4EC49 /* Info.plist */ = {isa = PBXFileReference; lastKnownFileType = text.plist.xml; path = Info.plist; sourceTree = "<group>"; };
		D513BD07D1B6FD7C851C269F /* Pods-PaymentCard.debug.xcconfig */ = {isa = PBXFileReference; includeInIndex = 1; lastKnownFileType = text.xcconfig; name = "Pods-PaymentCard.debug.xcconfig"; path = "Target Support Files/Pods-PaymentCard/Pods-PaymentCard.debug.xcconfig"; sourceTree = "<group>"; };
/* End PBXFileReference section */

/* Begin PBXFrameworksBuildPhase section */
		9A3FCAB12A063ADD00B4EC49 /* Frameworks */ = {
			isa = PBXFrameworksBuildPhase;
			buildActionMask = 2147483647;
			files = (
				0AA89DB59FB9905360D09F74 /* Pods_PaymentCard.framework in Frameworks */,
			);
			runOnlyForDeploymentPostprocessing = 0;
		};
/* End PBXFrameworksBuildPhase section */

/* Begin PBXGroup section */
		47FE02C4DCB8D2743226A0A6 /* Frameworks */ = {
			isa = PBXGroup;
			children = (
				644E85D64E933010CE6BCFC1 /* Pods_PaymentCard.framework */,
			);
			name = Frameworks;
			sourceTree = "<group>";
		};
		5D40FBD94A98E9D13E5FCEFE /* Pods */ = {
			isa = PBXGroup;
			children = (
				D513BD07D1B6FD7C851C269F /* Pods-PaymentCard.debug.xcconfig */,
				0C63BB019FB3F0CBFAFA86A1 /* Pods-PaymentCard.release.xcconfig */,
			);
			path = Pods;
			sourceTree = "<group>";
		};
		9A3FCAAB2A063ADD00B4EC49 = {
			isa = PBXGroup;
			children = (
				9A3FCAB62A063ADD00B4EC49 /* PaymentCard */,
				9A3FCAB52A063ADD00B4EC49 /* Products */,
				5D40FBD94A98E9D13E5FCEFE /* Pods */,
				47FE02C4DCB8D2743226A0A6 /* Frameworks */,
			);
			sourceTree = "<group>";
		};
		9A3FCAB52A063ADD00B4EC49 /* Products */ = {
			isa = PBXGroup;
			children = (
				9A3FCAB42A063ADD00B4EC49 /* PaymentCard.app */,
			);
			name = Products;
			sourceTree = "<group>";
		};
		9A3FCAB62A063ADD00B4EC49 /* PaymentCard */ = {
			isa = PBXGroup;
			children = (
				9A3FCAB72A063ADD00B4EC49 /* AppDelegate.swift */,
				9A3FCAB92A063ADD00B4EC49 /* SceneDelegate.swift */,
				9A2DB8DD2A0792C400A8BF30 /* CheckoutViewController.swift */,
				9A2DB8D82A068B5700A8BF30 /* StripeService.swift */,
				9A3FCABD2A063ADD00B4EC49 /* Main.storyboard */,
				9A3FCAC32A063AE200B4EC49 /* Assets.xcassets */,
				9A3FCAC52A063AE200B4EC49 /* LaunchScreen.storyboard */,
				9A3FCAC82A063AE200B4EC49 /* Info.plist */,
				9A3FCAC02A063ADD00B4EC49 /* PaymentCard.xcdatamodeld */,
			);
			path = PaymentCard;
			sourceTree = "<group>";
		};
/* End PBXGroup section */

/* Begin PBXNativeTarget section */
		9A3FCAB32A063ADD00B4EC49 /* PaymentCard */ = {
			isa = PBXNativeTarget;
			buildConfigurationList = 9A3FCACB2A063AE200B4EC49 /* Build configuration list for PBXNativeTarget "PaymentCard" */;
			buildPhases = (
				FDD39BB2869CDB3C1DD6BC98 /* [CP] Check Pods Manifest.lock */,
				9A3FCAB02A063ADD00B4EC49 /* Sources */,
				9A3FCAB12A063ADD00B4EC49 /* Frameworks */,
				9A3FCAB22A063ADD00B4EC49 /* Resources */,
				BB2ABF52FDE4A40ADCAE6F82 /* [CP] Embed Pods Frameworks */,
			);
			buildRules = (
			);
			dependencies = (
			);
			name = PaymentCard;
			productName = PaymentCard;
			productReference = 9A3FCAB42A063ADD00B4EC49 /* PaymentCard.app */;
			productType = "com.apple.product-type.application";
		};
/* End PBXNativeTarget section */

/* Begin PBXProject section */
		9A3FCAAC2A063ADD00B4EC49 /* Project object */ = {
			isa = PBXProject;
			attributes = {
				BuildIndependentTargetsInParallel = 1;
				LastSwiftUpdateCheck = 1430;
				LastUpgradeCheck = 1430;
				TargetAttributes = {
					9A3FCAB32A063ADD00B4EC49 = {
						CreatedOnToolsVersion = 14.3;
					};
				};
			};
			buildConfigurationList = 9A3FCAAF2A063ADD00B4EC49 /* Build configuration list for PBXProject "PaymentCard" */;
			compatibilityVersion = "Xcode 14.0";
			developmentRegion = en;
			hasScannedForEncodings = 0;
			knownRegions = (
				en,
				Base,
			);
			mainGroup = 9A3FCAAB2A063ADD00B4EC49;
			productRefGroup = 9A3FCAB52A063ADD00B4EC49 /* Products */;
			projectDirPath = "";
			projectRoot = "";
			targets = (
				9A3FCAB32A063ADD00B4EC49 /* PaymentCard */,
			);
		};
/* End PBXProject section */

/* Begin PBXResourcesBuildPhase section */
		9A3FCAB22A063ADD00B4EC49 /* Resources */ = {
			isa = PBXResourcesBuildPhase;
			buildActionMask = 2147483647;
			files = (
				9A3FCAC72A063AE200B4EC49 /* LaunchScreen.storyboard in Resources */,
				9A3FCAC42A063AE200B4EC49 /* Assets.xcassets in Resources */,
				9A3FCABF2A063ADD00B4EC49 /* Main.storyboard in Resources */,
			);
			runOnlyForDeploymentPostprocessing = 0;
		};
/* End PBXResourcesBuildPhase section */

/* Begin PBXShellScriptBuildPhase section */
		BB2ABF52FDE4A40ADCAE6F82 /* [CP] Embed Pods Frameworks */ = {
			isa = PBXShellScriptBuildPhase;
			buildActionMask = 2147483647;
			files = (
			);
			inputFileListPaths = (
				"${PODS_ROOT}/Target Support Files/Pods-PaymentCard/Pods-PaymentCard-frameworks-${CONFIGURATION}-input-files.xcfilelist",
			);
			name = "[CP] Embed Pods Frameworks";
			outputFileListPaths = (
				"${PODS_ROOT}/Target Support Files/Pods-PaymentCard/Pods-PaymentCard-frameworks-${CONFIGURATION}-output-files.xcfilelist",
			);
			runOnlyForDeploymentPostprocessing = 0;
			shellPath = /bin/sh;
			shellScript = "\"${PODS_ROOT}/Target Support Files/Pods-PaymentCard/Pods-PaymentCard-frameworks.sh\"\n";
			showEnvVarsInLog = 0;
		};
		FDD39BB2869CDB3C1DD6BC98 /* [CP] Check Pods Manifest.lock */ = {
			isa = PBXShellScriptBuildPhase;
			buildActionMask = 2147483647;
			files = (
			);
			inputFileListPaths = (
			);
			inputPaths = (
				"${PODS_PODFILE_DIR_PATH}/Podfile.lock",
				"${PODS_ROOT}/Manifest.lock",
			);
			name = "[CP] Check Pods Manifest.lock";
			outputFileListPaths = (
			);
			outputPaths = (
				"$(DERIVED_FILE_DIR)/Pods-PaymentCard-checkManifestLockResult.txt",
			);
			runOnlyForDeploymentPostprocessing = 0;
			shellPath = /bin/sh;
			shellScript = "diff \"${PODS_PODFILE_DIR_PATH}/Podfile.lock\" \"${PODS_ROOT}/Manifest.lock\" > /dev/null\nif [ $? != 0 ] ; then\n    # print error to STDERR\n    echo \"error: The sandbox is not in sync with the Podfile.lock. Run 'pod install' or update your CocoaPods installation.\" >&2\n    exit 1\nfi\n# This output is used by Xcode 'outputs' to avoid re-running this script phase.\necho \"SUCCESS\" > \"${SCRIPT_OUTPUT_FILE_0}\"\n";
			showEnvVarsInLog = 0;
		};
/* End PBXShellScriptBuildPhase section */

/* Begin PBXSourcesBuildPhase section */
		9A3FCAB02A063ADD00B4EC49 /* Sources */ = {
			isa = PBXSourcesBuildPhase;
			buildActionMask = 2147483647;
			files = (
				9A3FCAC22A063ADD00B4EC49 /* PaymentCard.xcdatamodeld in Sources */,
				9A2DB8D92A068B5700A8BF30 /* StripeService.swift in Sources */,
				9A3FCAB82A063ADD00B4EC49 /* AppDelegate.swift in Sources */,
				9A3FCABA2A063ADD00B4EC49 /* SceneDelegate.swift in Sources */,
				9A2DB8DE2A0792C400A8BF30 /* CheckoutViewController.swift in Sources */,
			);
			runOnlyForDeploymentPostprocessing = 0;
		};
/* End PBXSourcesBuildPhase section */

/* Begin PBXVariantGroup section */
		9A3FCABD2A063ADD00B4EC49 /* Main.storyboard */ = {
			isa = PBXVariantGroup;
			children = (
				9A3FCABE2A063ADD00B4EC49 /* Base */,
			);
			name = Main.storyboard;
			sourceTree = "<group>";
		};
		9A3FCAC52A063AE200B4EC49 /* LaunchScreen.storyboard */ = {
			isa = PBXVariantGroup;
			children = (
				9A3FCAC62A063AE200B4EC49 /* Base */,
			);
			name = LaunchScreen.storyboard;
			sourceTree = "<group>";
		};
/* End PBXVariantGroup section */

/* Begin XCBuildConfiguration section */
		9A3FCAC92A063AE200B4EC49 /* Debug */ = {
			isa = XCBuildConfiguration;
			buildSettings = {
				ALWAYS_SEARCH_USER_PATHS = NO;
				CLANG_ANALYZER_NONNULL = YES;
				CLANG_ANALYZER_NUMBER_OBJECT_CONVERSION = YES_AGGRESSIVE;
				CLANG_CXX_LANGUAGE_STANDARD = "gnu++20";
				CLANG_ENABLE_MODULES = YES;
				CLANG_ENABLE_OBJC_ARC = YES;
				CLANG_ENABLE_OBJC_WEAK = YES;
				CLANG_WARN_BLOCK_CAPTURE_AUTORELEASING = YES;
				CLANG_WARN_BOOL_CONVERSION = YES;
				CLANG_WARN_COMMA = YES;
				CLANG_WARN_CONSTANT_CONVERSION = YES;
				CLANG_WARN_DEPRECATED_OBJC_IMPLEMENTATIONS = YES;
				CLANG_WARN_DIRECT_OBJC_ISA_USAGE = YES_ERROR;
				CLANG_WARN_DOCUMENTATION_COMMENTS = YES;
				CLANG_WARN_EMPTY_BODY = YES;
				CLANG_WARN_ENUM_CONVERSION = YES;
				CLANG_WARN_INFINITE_RECURSION = YES;
				CLANG_WARN_INT_CONVERSION = YES;
				CLANG_WARN_NON_LITERAL_NULL_CONVERSION = YES;
				CLANG_WARN_OBJC_IMPLICIT_RETAIN_SELF = YES;
				CLANG_WARN_OBJC_LITERAL_CONVERSION = YES;
				CLANG_WARN_OBJC_ROOT_CLASS = YES_ERROR;
				CLANG_WARN_QUOTED_INCLUDE_IN_FRAMEWORK_HEADER = YES;
				CLANG_WARN_RANGE_LOOP_ANALYSIS = YES;
				CLANG_WARN_STRICT_PROTOTYPES = YES;
				CLANG_WARN_SUSPICIOUS_MOVE = YES;
				CLANG_WARN_UNGUARDED_AVAILABILITY = YES_AGGRESSIVE;
				CLANG_WARN_UNREACHABLE_CODE = YES;
				CLANG_WARN__DUPLICATE_METHOD_MATCH = YES;
				COPY_PHASE_STRIP = NO;
				DEBUG_INFORMATION_FORMAT = dwarf;
				ENABLE_STRICT_OBJC_MSGSEND = YES;
				ENABLE_TESTABILITY = YES;
				GCC_C_LANGUAGE_STANDARD = gnu11;
				GCC_DYNAMIC_NO_PIC = NO;
				GCC_NO_COMMON_BLOCKS = YES;
				GCC_OPTIMIZATION_LEVEL = 0;
				GCC_PREPROCESSOR_DEFINITIONS = (
					"DEBUG=1",
					"$(inherited)",
				);
				GCC_WARN_64_TO_32_BIT_CONVERSION = YES;
				GCC_WARN_ABOUT_RETURN_TYPE = YES_ERROR;
				GCC_WARN_UNDECLARED_SELECTOR = YES;
				GCC_WARN_UNINITIALIZED_AUTOS = YES_AGGRESSIVE;
				GCC_WARN_UNUSED_FUNCTION = YES;
				GCC_WARN_UNUSED_VARIABLE = YES;
				IPHONEOS_DEPLOYMENT_TARGET = 16.4;
				MTL_ENABLE_DEBUG_INFO = INCLUDE_SOURCE;
				MTL_FAST_MATH = YES;
				ONLY_ACTIVE_ARCH = YES;
				SDKROOT = iphoneos;
				SWIFT_ACTIVE_COMPILATION_CONDITIONS = DEBUG;
				SWIFT_OPTIMIZATION_LEVEL = "-Onone";
			};
			name = Debug;
		};
		9A3FCACA2A063AE200B4EC49 /* Release */ = {
			isa = XCBuildConfiguration;
			buildSettings = {
				ALWAYS_SEARCH_USER_PATHS = NO;
				CLANG_ANALYZER_NONNULL = YES;
				CLANG_ANALYZER_NUMBER_OBJECT_CONVERSION = YES_AGGRESSIVE;
				CLANG_CXX_LANGUAGE_STANDARD = "gnu++20";
				CLANG_ENABLE_MODULES = YES;
				CLANG_ENABLE_OBJC_ARC = YES;
				CLANG_ENABLE_OBJC_WEAK = YES;
				CLANG_WARN_BLOCK_CAPTURE_AUTORELEASING = YES;
				CLANG_WARN_BOOL_CONVERSION = YES;
				CLANG_WARN_COMMA = YES;
				CLANG_WARN_CONSTANT_CONVERSION = YES;
				CLANG_WARN_DEPRECATED_OBJC_IMPLEMENTATIONS = YES;
				CLANG_WARN_DIRECT_OBJC_ISA_USAGE = YES_ERROR;
				CLANG_WARN_DOCUMENTATION_COMMENTS = YES;
				CLANG_WARN_EMPTY_BODY = YES;
				CLANG_WARN_ENUM_CONVERSION = YES;
				CLANG_WARN_INFINITE_RECURSION = YES;
				CLANG_WARN_INT_CONVERSION = YES;
				CLANG_WARN_NON_LITERAL_NULL_CONVERSION = YES;
				CLANG_WARN_OBJC_IMPLICIT_RETAIN_SELF = YES;
				CLANG_WARN_OBJC_LITERAL_CONVERSION = YES;
				CLANG_WARN_OBJC_ROOT_CLASS = YES_ERROR;
				CLANG_WARN_QUOTED_INCLUDE_IN_FRAMEWORK_HEADER = YES;
				CLANG_WARN_RANGE_LOOP_ANALYSIS = YES;
				CLANG_WARN_STRICT_PROTOTYPES = YES;
				CLANG_WARN_SUSPICIOUS_MOVE = YES;
				CLANG_WARN_UNGUARDED_AVAILABILITY = YES_AGGRESSIVE;
				CLANG_WARN_UNREACHABLE_CODE = YES;
				CLANG_WARN__DUPLICATE_METHOD_MATCH = YES;
				COPY_PHASE_STRIP = NO;
				DEBUG_INFORMATION_FORMAT = "dwarf-with-dsym";
				ENABLE_NS_ASSERTIONS = NO;
				ENABLE_STRICT_OBJC_MSGSEND = YES;
				GCC_C_LANGUAGE_STANDARD = gnu11;
				GCC_NO_COMMON_BLOCKS = YES;
				GCC_WARN_64_TO_32_BIT_CONVERSION = YES;
				GCC_WARN_ABOUT_RETURN_TYPE = YES_ERROR;
				GCC_WARN_UNDECLARED_SELECTOR = YES;
				GCC_WARN_UNINITIALIZED_AUTOS = YES_AGGRESSIVE;
				GCC_WARN_UNUSED_FUNCTION = YES;
				GCC_WARN_UNUSED_VARIABLE = YES;
				IPHONEOS_DEPLOYMENT_TARGET = 16.4;
				MTL_ENABLE_DEBUG_INFO = NO;
				MTL_FAST_MATH = YES;
				SDKROOT = iphoneos;
				SWIFT_COMPILATION_MODE = wholemodule;
				SWIFT_OPTIMIZATION_LEVEL = "-O";
				VALIDATE_PRODUCT = YES;
			};
			name = Release;
		};
		9A3FCACC2A063AE200B4EC49 /* Debug */ = {
			isa = XCBuildConfiguration;
			baseConfigurationReference = D513BD07D1B6FD7C851C269F /* Pods-PaymentCard.debug.xcconfig */;
			buildSettings = {
				ASSETCATALOG_COMPILER_APPICON_NAME = AppIcon;
				ASSETCATALOG_COMPILER_GLOBAL_ACCENT_COLOR_NAME = AccentColor;
				CODE_SIGN_STYLE = Automatic;
				CURRENT_PROJECT_VERSION = 1;
				DEVELOPMENT_TEAM = 8F895HZ77T;
				GENERATE_INFOPLIST_FILE = YES;
				INFOPLIST_FILE = PaymentCard/Info.plist;
				INFOPLIST_KEY_UIApplicationSupportsIndirectInputEvents = YES;
				INFOPLIST_KEY_UILaunchStoryboardName = LaunchScreen;
				INFOPLIST_KEY_UIMainStoryboardFile = Main;
				INFOPLIST_KEY_UISupportedInterfaceOrientations_iPad = "UIInterfaceOrientationPortrait UIInterfaceOrientationPortraitUpsideDown UIInterfaceOrientationLandscapeLeft UIInterfaceOrientationLandscapeRight";
				INFOPLIST_KEY_UISupportedInterfaceOrientations_iPhone = "UIInterfaceOrientationPortrait UIInterfaceOrientationLandscapeLeft UIInterfaceOrientationLandscapeRight";
				LD_RUNPATH_SEARCH_PATHS = (
					"$(inherited)",
					"@executable_path/Frameworks",
				);
				MARKETING_VERSION = 1.0;
				PRODUCT_BUNDLE_IDENTIFIER = co.polinasmirnova.PaymentCard;
				PRODUCT_NAME = "$(TARGET_NAME)";
				SWIFT_EMIT_LOC_STRINGS = YES;
				SWIFT_VERSION = 5.0;
				TARGETED_DEVICE_FAMILY = "1,2";
			};
			name = Debug;
		};
		9A3FCACD2A063AE200B4EC49 /* Release */ = {
			isa = XCBuildConfiguration;
			baseConfigurationReference = 0C63BB019FB3F0CBFAFA86A1 /* Pods-PaymentCard.release.xcconfig */;
			buildSettings = {
				ASSETCATALOG_COMPILER_APPICON_NAME = AppIcon;
				ASSETCATALOG_COMPILER_GLOBAL_ACCENT_COLOR_NAME = AccentColor;
				CODE_SIGN_STYLE = Automatic;
				CURRENT_PROJECT_VERSION = 1;
				DEVELOPMENT_TEAM = 8F895HZ77T;
				GENERATE_INFOPLIST_FILE = YES;
				INFOPLIST_FILE = PaymentCard/Info.plist;
				INFOPLIST_KEY_UIApplicationSupportsIndirectInputEvents = YES;
				INFOPLIST_KEY_UILaunchStoryboardName = LaunchScreen;
				INFOPLIST_KEY_UIMainStoryboardFile = Main;
				INFOPLIST_KEY_UISupportedInterfaceOrientations_iPad = "UIInterfaceOrientationPortrait UIInterfaceOrientationPortraitUpsideDown UIInterfaceOrientationLandscapeLeft UIInterfaceOrientationLandscapeRight";
				INFOPLIST_KEY_UISupportedInterfaceOrientations_iPhone = "UIInterfaceOrientationPortrait UIInterfaceOrientationLandscapeLeft UIInterfaceOrientationLandscapeRight";
				LD_RUNPATH_SEARCH_PATHS = (
					"$(inherited)",
					"@executable_path/Frameworks",
				);
				MARKETING_VERSION = 1.0;
				PRODUCT_BUNDLE_IDENTIFIER = co.polinasmirnova.PaymentCard;
				PRODUCT_NAME = "$(TARGET_NAME)";
				SWIFT_EMIT_LOC_STRINGS = YES;
				SWIFT_VERSION = 5.0;
				TARGETED_DEVICE_FAMILY = "1,2";
			};
			name = Release;
		};
/* End XCBuildConfiguration section */

/* Begin XCConfigurationList section */
		9A3FCAAF2A063ADD00B4EC49 /* Build configuration list for PBXProject "PaymentCard" */ = {
			isa = XCConfigurationList;
			buildConfigurations = (
				9A3FCAC92A063AE200B4EC49 /* Debug */,
				9A3FCACA2A063AE200B4EC49 /* Release */,
			);
			defaultConfigurationIsVisible = 0;
			defaultConfigurationName = Release;
		};
		9A3FCACB2A063AE200B4EC49 /* Build configuration list for PBXNativeTarget "PaymentCard" */ = {
			isa = XCConfigurationList;
			buildConfigurations = (
				9A3FCACC2A063AE200B4EC49 /* Debug */,
				9A3FCACD2A063AE200B4EC49 /* Release */,
			);
			defaultConfigurationIsVisible = 0;
			defaultConfigurationName = Release;
		};
/* End XCConfigurationList section */

/* Begin XCVersionGroup section */
		9A3FCAC02A063ADD00B4EC49 /* PaymentCard.xcdatamodeld */ = {
			isa = XCVersionGroup;
			children = (
				9A3FCAC12A063ADD00B4EC49 /* PaymentCard.xcdatamodel */,
			);
			currentVersion = 9A3FCAC12A063ADD00B4EC49 /* PaymentCard.xcdatamodel */;
			path = PaymentCard.xcdatamodeld;
			sourceTree = "<group>";
			versionGroupType = wrapper.xcdatamodel;
		};
/* End XCVersionGroup section */
	};
	rootObject = 9A3FCAAC2A063ADD00B4EC49 /* Project object */;
}
